
Microsoft Visual Studio Solution File, Format Version 12.00
# Visual Studio Version 17
VisualStudioVersion = 17.14.36705.20
MinimumVisualStudioVersion = 10.0.40219.1
Project("{2150E333-8FDC-42A3-9474-1A3956D46DE8}") = "Services", "Services", "{02EA681E-C7D8-13C7-8484-4AC65E1B71E8}"
EndProject
Project("{2150E333-8FDC-42A3-9474-1A3956D46DE8}") = "Scoping", "Scoping", "{D2354C79-7DE1-42E0-9985-0269ABBA6DBC}"
EndProject
Project("{FAE04EC0-301F-11D3-BF4B-00C04F79EFBC}") = "Services.Scoping.API", "Services.Scoping.API\Services.Scoping.API.csproj", "{21A05A4B-F629-4276-8393-67C55873CF20}"
EndProject
Project("{FAE04EC0-301F-11D3-BF4B-00C04F79EFBC}") = "Services.Scoping.Application", "Services.Scoping.Application\Services.Scoping.Application.csproj", "{211BBBEA-EEE8-474A-B66D-12436D9ABE7E}"
EndProject
Project("{FAE04EC0-301F-11D3-BF4B-00C04F79EFBC}") = "Services.Scoping.Domain", "Services.Scoping.Domain\Services.Scoping.Domain.csproj", "{E2E54C44-16DD-4CDD-B7F5-55EF29830BE5}"
EndProject
Project("{FAE04EC0-301F-11D3-BF4B-00C04F79EFBC}") = "Services.Scoping.Infrastructure", "Services.Scoping.Infrastructure\Services.Scoping.Infrastructure.csproj", "{58A823A3-8A0B-46E3-A36E-1D9BCCCEA924}"
EndProject
Global
	GlobalSection(SolutionConfigurationPlatforms) = preSolution
		Debug|Any CPU = Debug|Any CPU
		Release|Any CPU = Release|Any CPU
	EndGlobalSection
	GlobalSection(ProjectConfigurationPlatforms) = postSolution
		{21A05A4B-F629-4276-8393-67C55873CF20}.Debug|Any CPU.ActiveCfg = Debug|Any CPU
		{21A05A4B-F629-4276-8393-67C55873CF20}.Debug|Any CPU.Build.0 = Debug|Any CPU
		{21A05A4B-F629-4276-8393-67C55873CF20}.Release|Any CPU.ActiveCfg = Release|Any CPU
		{21A05A4B-F629-4276-8393-67C55873CF20}.Release|Any CPU.Build.0 = Release|Any CPU
		{211BBBEA-EEE8-474A-B66D-12436D9ABE7E}.Debug|Any CPU.ActiveCfg = Debug|Any CPU
		{211BBBEA-EEE8-474A-B66D-12436D9ABE7E}.Debug|Any CPU.Build.0 = Debug|Any CPU
		{211BBBEA-EEE8-474A-B66D-12436D9ABE7E}.Release|Any CPU.ActiveCfg = Release|Any CPU
		{211BBBEA-EEE8-474A-B66D-12436D9ABE7E}.Release|Any CPU.Build.0 = Release|Any CPU
		{E2E54C44-16DD-4CDD-B7F5-55EF29830BE5}.Debug|Any CPU.ActiveCfg = Debug|Any CPU
		{E2E54C44-16DD-4CDD-B7F5-55EF29830BE5}.Debug|Any CPU.Build.0 = Debug|Any CPU
		{E2E54C44-16DD-4CDD-B7F5-55EF29830BE5}.Release|Any CPU.ActiveCfg = Release|Any CPU
		{E2E54C44-16DD-4CDD-B7F5-55EF29830BE5}.Release|Any CPU.Build.0 = Release|Any CPU
		{58A823A3-8A0B-46E3-A36E-1D9BCCCEA924}.Debug|Any CPU.ActiveCfg = Debug|Any CPU
		{58A823A3-8A0B-46E3-A36E-1D9BCCCEA924}.Debug|Any CPU.Build.0 = Debug|Any CPU
		{58A823A3-8A0B-46E3-A36E-1D9BCCCEA924}.Release|Any CPU.ActiveCfg = Release|Any CPU
		{58A823A3-8A0B-46E3-A36E-1D9BCCCEA924}.Release|Any CPU.Build.0 = Release|Any CPU
	EndGlobalSection
	GlobalSection(SolutionProperties) = preSolution
		HideSolutionNode = FALSE
	EndGlobalSection
	GlobalSection(NestedProjects) = preSolution
		{D2354C79-7DE1-42E0-9985-0269ABBA6DBC} = {02EA681E-C7D8-13C7-8484-4AC65E1B71E8}
		{21A05A4B-F629-4276-8393-67C55873CF20} = {D2354C79-7DE1-42E0-9985-0269ABBA6DBC}
		{211BBBEA-EEE8-474A-B66D-12436D9ABE7E} = {D2354C79-7DE1-42E0-9985-0269ABBA6DBC}
		{E2E54C44-16DD-4CDD-B7F5-55EF29830BE5} = {D2354C79-7DE1-42E0-9985-0269ABBA6DBC}
		{58A823A3-8A0B-46E3-A36E-1D9BCCCEA924} = {D2354C79-7DE1-42E0-9985-0269ABBA6DBC}
	EndGlobalSection
	GlobalSection(ExtensibilityGlobals) = postSolution
		SolutionGuid = {3BD5BFF3-B611-4652-ACB7-164FAE583C0B}
	EndGlobalSection
EndGlobal
